
Microsoft Visual Studio Solution File, Format Version 12.00
# Visual Studio 15
VisualStudioVersion = 15.0.28307.1340
MinimumVisualStudioVersion = 10.0.40219.1
Project("{FAE04EC0-301F-11D3-BF4B-00C04F79EFBC}") = "Lab01-Samsonova", "Lab01-Samsonova\Lab01-Samsonova.csproj", "{83DFF910-CF01-4FDC-9A2D-73715E68EEC9}"
EndProject
Global
	GlobalSection(SolutionConfigurationPlatforms) = preSolution
		Debug|Any CPU = Debug|Any CPU
		Release|Any CPU = Release|Any CPU
	EndGlobalSection
	GlobalSection(ProjectConfigurationPlatforms) = postSolution
		{83DFF910-CF01-4FDC-9A2D-73715E68EEC9}.Debug|Any CPU.ActiveCfg = Debug|Any CPU
		{83DFF910-CF01-4FDC-9A2D-73715E68EEC9}.Debug|Any CPU.Build.0 = Debug|Any CPU
		{83DFF910-CF01-4FDC-9A2D-73715E68EEC9}.Release|Any CPU.ActiveCfg = Release|Any CPU
		{83DFF910-CF01-4FDC-9A2D-73715E68EEC9}.Release|Any CPU.Build.0 = Release|Any CPU
	EndGlobalSection
	GlobalSection(SolutionProperties) = preSolution
		HideSolutionNode = FALSE
	EndGlobalSection
	GlobalSection(ExtensibilityGlobals) = postSolution
		SolutionGuid = {A81B218A-5BD5-4557-B7F4-5BD79A5D9EA5}
	EndGlobalSection
EndGlobal
